
Microsoft Visual Studio Solution File, Format Version 12.00
# Visual Studio 14
VisualStudioVersion = 14.0.24720.0
MinimumVisualStudioVersion = 10.0.40219.1
Project("{FAE04EC0-301F-11D3-BF4B-00C04F79EFBC}") = "Calculator", "Calculator\Calculator.csproj", "{BB5276CA-C5DE-446F-BB3B-FD58456B26E3}"
EndProject
Project("{FAE04EC0-301F-11D3-BF4B-00C04F79EFBC}") = "AutoCorrect", "AutoCorrect\AutoCorrect.csproj", "{64205119-8670-4F42-8CF2-E1D4E4107FF9}"
EndProject
Project("{FAE04EC0-301F-11D3-BF4B-00C04F79EFBC}") = "FileBrowser", "FileBrowser\FileBrowser.csproj", "{C0D757CB-DED9-408B-8857-F66513357115}"
EndProject
Global
	GlobalSection(SolutionConfigurationPlatforms) = preSolution
		Debug|Any CPU = Debug|Any CPU
		Release|Any CPU = Release|Any CPU
	EndGlobalSection
	GlobalSection(ProjectConfigurationPlatforms) = postSolution
		{BB5276CA-C5DE-446F-BB3B-FD58456B26E3}.Debug|Any CPU.ActiveCfg = Debug|Any CPU
		{BB5276CA-C5DE-446F-BB3B-FD58456B26E3}.Debug|Any CPU.Build.0 = Debug|Any CPU
		{BB5276CA-C5DE-446F-BB3B-FD58456B26E3}.Release|Any CPU.ActiveCfg = Release|Any CPU
		{BB5276CA-C5DE-446F-BB3B-FD58456B26E3}.Release|Any CPU.Build.0 = Release|Any CPU
		{64205119-8670-4F42-8CF2-E1D4E4107FF9}.Debug|Any CPU.ActiveCfg = Debug|Any CPU
		{64205119-8670-4F42-8CF2-E1D4E4107FF9}.Debug|Any CPU.Build.0 = Debug|Any CPU
		{64205119-8670-4F42-8CF2-E1D4E4107FF9}.Release|Any CPU.ActiveCfg = Release|Any CPU
		{64205119-8670-4F42-8CF2-E1D4E4107FF9}.Release|Any CPU.Build.0 = Release|Any CPU
		{C0D757CB-DED9-408B-8857-F66513357115}.Debug|Any CPU.ActiveCfg = Debug|Any CPU
		{C0D757CB-DED9-408B-8857-F66513357115}.Debug|Any CPU.Build.0 = Debug|Any CPU
		{C0D757CB-DED9-408B-8857-F66513357115}.Release|Any CPU.ActiveCfg = Release|Any CPU
		{C0D757CB-DED9-408B-8857-F66513357115}.Release|Any CPU.Build.0 = Release|Any CPU
	EndGlobalSection
	GlobalSection(SolutionProperties) = preSolution
		HideSolutionNode = FALSE
	EndGlobalSection
EndGlobal
