
Microsoft Visual Studio Solution File, Format Version 12.00
# Visual Studio 14
VisualStudioVersion = 14.0.23107.0
MinimumVisualStudioVersion = 10.0.40219.1
Project("{FAE04EC0-301F-11D3-BF4B-00C04F79EFBC}") = "NumberToListandListToNumber", "NumberToListandListToNumber\NumberToListandListToNumber.csproj", "{A80049E3-0495-459F-885B-0719E49A6CA4}"
EndProject
Project("{FAE04EC0-301F-11D3-BF4B-00C04F79EFBC}") = "IncreasingAndDecreasingSequences", "IncreasingAndDecreasingSequences\IncreasingAndDecreasingSequences.csproj", "{0BAE4101-FAD9-4BBC-ADFE-6CB47AA3E216}"
EndProject
Project("{FAE04EC0-301F-11D3-BF4B-00C04F79EFBC}") = "ExtremeElementsInAList", "ExtremeElementsInAList\ExtremeElementsInAList.csproj", "{469D436E-AF09-46A0-AA84-CC4A70DBEC6F}"
EndProject
Project("{FAE04EC0-301F-11D3-BF4B-00C04F79EFBC}") = "ReverseAString", "ReverseAString\ReverseAString.csproj", "{8B86CC4F-BFBE-461D-AAF2-555124560C75}"
EndProject
Project("{FAE04EC0-301F-11D3-BF4B-00C04F79EFBC}") = "ReverseEachWordInASentence", "ReverseEachWordInASentence\ReverseEachWordInASentence.csproj", "{04F933E9-EC3B-4E6D-89D5-D5DEC8109D2E}"
EndProject
Project("{FAE04EC0-301F-11D3-BF4B-00C04F79EFBC}") = "CopyEveryCharacterKTimes", "CopyEveryCharacterKTimes\CopyEveryCharacterKTimes.csproj", "{1D195828-A491-4C35-990B-F8631CAE426D}"
EndProject
Project("{FAE04EC0-301F-11D3-BF4B-00C04F79EFBC}") = "IsStringAAnAnagramOfStringB", "IsStringAAnAnagramOfStringB\IsStringAAnAnagramOfStringB.csproj", "{98E9106A-1CC4-4CAC-AD17-1C621F67F62E}"
EndProject
Project("{FAE04EC0-301F-11D3-BF4B-00C04F79EFBC}") = "IsAnAnagramOfStringAASUBSEQUENCEInB", "IsAnAnagramOfStringAASUBSEQUENCEInB\IsAnAnagramOfStringAASUBSEQUENCEInB.csproj", "{8F42020E-5320-4000-9EE4-91924257B242}"
EndProject
Global
	GlobalSection(SolutionConfigurationPlatforms) = preSolution
		Debug|Any CPU = Debug|Any CPU
		Release|Any CPU = Release|Any CPU
	EndGlobalSection
	GlobalSection(ProjectConfigurationPlatforms) = postSolution
		{A80049E3-0495-459F-885B-0719E49A6CA4}.Debug|Any CPU.ActiveCfg = Debug|Any CPU
		{A80049E3-0495-459F-885B-0719E49A6CA4}.Debug|Any CPU.Build.0 = Debug|Any CPU
		{A80049E3-0495-459F-885B-0719E49A6CA4}.Release|Any CPU.ActiveCfg = Release|Any CPU
		{A80049E3-0495-459F-885B-0719E49A6CA4}.Release|Any CPU.Build.0 = Release|Any CPU
		{0BAE4101-FAD9-4BBC-ADFE-6CB47AA3E216}.Debug|Any CPU.ActiveCfg = Debug|Any CPU
		{0BAE4101-FAD9-4BBC-ADFE-6CB47AA3E216}.Debug|Any CPU.Build.0 = Debug|Any CPU
		{0BAE4101-FAD9-4BBC-ADFE-6CB47AA3E216}.Release|Any CPU.ActiveCfg = Release|Any CPU
		{0BAE4101-FAD9-4BBC-ADFE-6CB47AA3E216}.Release|Any CPU.Build.0 = Release|Any CPU
		{469D436E-AF09-46A0-AA84-CC4A70DBEC6F}.Debug|Any CPU.ActiveCfg = Debug|Any CPU
		{469D436E-AF09-46A0-AA84-CC4A70DBEC6F}.Debug|Any CPU.Build.0 = Debug|Any CPU
		{469D436E-AF09-46A0-AA84-CC4A70DBEC6F}.Release|Any CPU.ActiveCfg = Release|Any CPU
		{469D436E-AF09-46A0-AA84-CC4A70DBEC6F}.Release|Any CPU.Build.0 = Release|Any CPU
		{8B86CC4F-BFBE-461D-AAF2-555124560C75}.Debug|Any CPU.ActiveCfg = Debug|Any CPU
		{8B86CC4F-BFBE-461D-AAF2-555124560C75}.Debug|Any CPU.Build.0 = Debug|Any CPU
		{8B86CC4F-BFBE-461D-AAF2-555124560C75}.Release|Any CPU.ActiveCfg = Release|Any CPU
		{8B86CC4F-BFBE-461D-AAF2-555124560C75}.Release|Any CPU.Build.0 = Release|Any CPU
		{04F933E9-EC3B-4E6D-89D5-D5DEC8109D2E}.Debug|Any CPU.ActiveCfg = Debug|Any CPU
		{04F933E9-EC3B-4E6D-89D5-D5DEC8109D2E}.Debug|Any CPU.Build.0 = Debug|Any CPU
		{04F933E9-EC3B-4E6D-89D5-D5DEC8109D2E}.Release|Any CPU.ActiveCfg = Release|Any CPU
		{04F933E9-EC3B-4E6D-89D5-D5DEC8109D2E}.Release|Any CPU.Build.0 = Release|Any CPU
		{1D195828-A491-4C35-990B-F8631CAE426D}.Debug|Any CPU.ActiveCfg = Debug|Any CPU
		{1D195828-A491-4C35-990B-F8631CAE426D}.Debug|Any CPU.Build.0 = Debug|Any CPU
		{1D195828-A491-4C35-990B-F8631CAE426D}.Release|Any CPU.ActiveCfg = Release|Any CPU
		{1D195828-A491-4C35-990B-F8631CAE426D}.Release|Any CPU.Build.0 = Release|Any CPU
		{98E9106A-1CC4-4CAC-AD17-1C621F67F62E}.Debug|Any CPU.ActiveCfg = Debug|Any CPU
		{98E9106A-1CC4-4CAC-AD17-1C621F67F62E}.Debug|Any CPU.Build.0 = Debug|Any CPU
		{98E9106A-1CC4-4CAC-AD17-1C621F67F62E}.Release|Any CPU.ActiveCfg = Release|Any CPU
		{98E9106A-1CC4-4CAC-AD17-1C621F67F62E}.Release|Any CPU.Build.0 = Release|Any CPU
		{8F42020E-5320-4000-9EE4-91924257B242}.Debug|Any CPU.ActiveCfg = Debug|Any CPU
		{8F42020E-5320-4000-9EE4-91924257B242}.Debug|Any CPU.Build.0 = Debug|Any CPU
		{8F42020E-5320-4000-9EE4-91924257B242}.Release|Any CPU.ActiveCfg = Release|Any CPU
		{8F42020E-5320-4000-9EE4-91924257B242}.Release|Any CPU.Build.0 = Release|Any CPU
	EndGlobalSection
	GlobalSection(SolutionProperties) = preSolution
		HideSolutionNode = FALSE
	EndGlobalSection
EndGlobal
