
Microsoft Visual Studio Solution File, Format Version 12.00
# Visual Studio 14
VisualStudioVersion = 14.0.24720.0
MinimumVisualStudioVersion = 10.0.40219.1
Project("{FAE04EC0-301F-11D3-BF4B-00C04F79EFBC}") = "Application.cs", "Application.cs\Application.cs.csproj", "{4E2629BB-B776-4FD6-9F25-DE1C5418FB1A}"
EndProject
Project("{FAE04EC0-301F-11D3-BF4B-00C04F79EFBC}") = "XmlBuilder", "XmlBuilder\XmlBuilder.csproj", "{887213AA-BB5B-40ED-A6A5-D9B3EA07FE4B}"
EndProject
Project("{FAE04EC0-301F-11D3-BF4B-00C04F79EFBC}") = "XmlBuilderTests", "XmlBuilderTests\XmlBuilderTests.csproj", "{D6EA55D9-6849-451A-B6EF-23183CDF5713}"
EndProject
Global
	GlobalSection(SolutionConfigurationPlatforms) = preSolution
		Debug|Any CPU = Debug|Any CPU
		Release|Any CPU = Release|Any CPU
	EndGlobalSection
	GlobalSection(ProjectConfigurationPlatforms) = postSolution
		{4E2629BB-B776-4FD6-9F25-DE1C5418FB1A}.Debug|Any CPU.ActiveCfg = Debug|Any CPU
		{4E2629BB-B776-4FD6-9F25-DE1C5418FB1A}.Debug|Any CPU.Build.0 = Debug|Any CPU
		{4E2629BB-B776-4FD6-9F25-DE1C5418FB1A}.Release|Any CPU.ActiveCfg = Release|Any CPU
		{4E2629BB-B776-4FD6-9F25-DE1C5418FB1A}.Release|Any CPU.Build.0 = Release|Any CPU
		{887213AA-BB5B-40ED-A6A5-D9B3EA07FE4B}.Debug|Any CPU.ActiveCfg = Debug|Any CPU
		{887213AA-BB5B-40ED-A6A5-D9B3EA07FE4B}.Debug|Any CPU.Build.0 = Debug|Any CPU
		{887213AA-BB5B-40ED-A6A5-D9B3EA07FE4B}.Release|Any CPU.ActiveCfg = Release|Any CPU
		{887213AA-BB5B-40ED-A6A5-D9B3EA07FE4B}.Release|Any CPU.Build.0 = Release|Any CPU
		{D6EA55D9-6849-451A-B6EF-23183CDF5713}.Debug|Any CPU.ActiveCfg = Debug|Any CPU
		{D6EA55D9-6849-451A-B6EF-23183CDF5713}.Debug|Any CPU.Build.0 = Debug|Any CPU
		{D6EA55D9-6849-451A-B6EF-23183CDF5713}.Release|Any CPU.ActiveCfg = Release|Any CPU
		{D6EA55D9-6849-451A-B6EF-23183CDF5713}.Release|Any CPU.Build.0 = Release|Any CPU
	EndGlobalSection
	GlobalSection(SolutionProperties) = preSolution
		HideSolutionNode = FALSE
	EndGlobalSection
EndGlobal
