
Microsoft Visual Studio Solution File, Format Version 12.00
# Visual Studio 14
VisualStudioVersion = 14.0.24720.0
MinimumVisualStudioVersion = 10.0.40219.1
Project("{FAE04EC0-301F-11D3-BF4B-00C04F79EFBC}") = "CashDesk", "CashDesk\CashDesk.csproj", "{B3CB50DF-FFE5-4309-874B-8BC02DEC6B2B}"
EndProject
Project("{FAE04EC0-301F-11D3-BF4B-00C04F79EFBC}") = "CashDeskApplication", "CashDeskApplication\CashDeskApplication.csproj", "{E811F557-EEF9-42C0-B400-467AC0B40A21}"
EndProject
Global
	GlobalSection(SolutionConfigurationPlatforms) = preSolution
		Debug|Any CPU = Debug|Any CPU
		Release|Any CPU = Release|Any CPU
	EndGlobalSection
	GlobalSection(ProjectConfigurationPlatforms) = postSolution
		{B3CB50DF-FFE5-4309-874B-8BC02DEC6B2B}.Debug|Any CPU.ActiveCfg = Debug|Any CPU
		{B3CB50DF-FFE5-4309-874B-8BC02DEC6B2B}.Debug|Any CPU.Build.0 = Debug|Any CPU
		{B3CB50DF-FFE5-4309-874B-8BC02DEC6B2B}.Release|Any CPU.ActiveCfg = Release|Any CPU
		{B3CB50DF-FFE5-4309-874B-8BC02DEC6B2B}.Release|Any CPU.Build.0 = Release|Any CPU
		{E811F557-EEF9-42C0-B400-467AC0B40A21}.Debug|Any CPU.ActiveCfg = Debug|Any CPU
		{E811F557-EEF9-42C0-B400-467AC0B40A21}.Debug|Any CPU.Build.0 = Debug|Any CPU
		{E811F557-EEF9-42C0-B400-467AC0B40A21}.Release|Any CPU.ActiveCfg = Release|Any CPU
		{E811F557-EEF9-42C0-B400-467AC0B40A21}.Release|Any CPU.Build.0 = Release|Any CPU
	EndGlobalSection
	GlobalSection(SolutionProperties) = preSolution
		HideSolutionNode = FALSE
	EndGlobalSection
EndGlobal
